PODS:
  - IGListKit (3.4.0):
    - IGListKit/Default (= 3.4.0)
  - IGListKit/Default (3.4.0):
    - IGListKit/Diffing
  - IGListKit/Diffing (3.4.0)
  - ListView (0.0.1):
    - ListView/libraries (= 0.0.1)
  - ListView/libraries (0.0.1):
    - IGListKit
    - RxCocoa
    - RxSwift
  - RxAtomic (4.4.0)
  - RxCocoa (4.4.0):
    - RxSwift (~> 4.0)
  - RxSwift (4.4.0):
    - RxAtomic (~> 4.4)

DEPENDENCIES:
  - ListView (from `../`)

SPEC REPOS:
  https://github.com/cocoapods/specs.git:
    - IGListKit
    - RxAtomic
    - RxCocoa
    - RxSwift

EXTERNAL SOURCES:
  ListView:
    :path: "../"

SPEC CHECKSUMS:
  IGListKit: 7a5d788e9fb746bcd402baa8e8b24bc3bd2a5a07
  ListView: a7a83cb8aef1225d0fed5ed5d6ad1dd41dcd3050
  RxAtomic: eacf60db868c96bfd63320e28619fe29c179656f
  RxCocoa: df63ebf7b9a70d6b4eeea407ed5dd4efc8979749
  RxSwift: 5976ecd04fc2fefd648827c23de5e11157faa973

PODFILE CHECKSUM: c810b1319f68d847e3499b84f2d7042b5cb0102d

COCOAPODS: 1.6.0.beta.2
